// !$*UTF8*$!
{
	archiveVersion = 1;
	classes = {
	};
	objectVersion = 56;
	objects = {

/* Begin PBXBuildFile section */
		AA0000000000000000000021 /* ParkTracApp.swift in Sources */ = {isa = PBXBuildFile; fileRef = AA0000000000000000000020 /* ParkTracApp.swift */; };
		AA0000000000000000000023 /* ContentView.swift in Sources */ = {isa = PBXBuildFile; fileRef = AA0000000000000000000022 /* ContentView.swift */; };
		AA0000000000000000000025 /* ParkDestination.swift in Sources */ = {isa = PBXBuildFile; fileRef = AA0000000000000000000024 /* ParkDestination.swift */; };
		AA0000000000000000000027 /* ParkModels.swift in Sources */ = {isa = PBXBuildFile; fileRef = AA0000000000000000000026 /* ParkModels.swift */; };
		AA0000000000000000000029 /* Restaurant.swift in Sources */ = {isa = PBXBuildFile; fileRef = AA0000000000000000000028 /* Restaurant.swift */; };
		AA000000000000000000002B /* ParkAPIService.swift in Sources */ = {isa = PBXBuildFile; fileRef = AA000000000000000000002A /* ParkAPIService.swift */; };
		AA000000000000000000002D /* WaitTimesViewModel.swift in Sources */ = {isa = PBXBuildFile; fileRef = AA000000000000000000002C /* WaitTimesViewModel.swift */; };
		AA000000000000000000002F /* ParkMapView.swift in Sources */ = {isa = PBXBuildFile; fileRef = AA000000000000000000002E /* ParkMapView.swift */; };
		AA0000000000000000000031 /* WaitTimeAnnotation.swift in Sources */ = {isa = PBXBuildFile; fileRef = AA0000000000000000000030 /* WaitTimeAnnotation.swift */; };
		AA0000000000000000000033 /* RideCardView.swift in Sources */ = {isa = PBXBuildFile; fileRef = AA0000000000000000000032 /* RideCardView.swift */; };
		AA0000000000000000000035 /* RideDetailSheet.swift in Sources */ = {isa = PBXBuildFile; fileRef = AA0000000000000000000034 /* RideDetailSheet.swift */; };
		AA0000000000000000000037 /* RidePredictionView.swift in Sources */ = {isa = PBXBuildFile; fileRef = AA0000000000000000000036 /* RidePredictionView.swift */; };
		AA0000000000000000000039 /* RestaurantListView.swift in Sources */ = {isa = PBXBuildFile; fileRef = AA0000000000000000000038 /* RestaurantListView.swift */; };
		AA000000000000000000003B /* RestaurantRowView.swift in Sources */ = {isa = PBXBuildFile; fileRef = AA000000000000000000003A /* RestaurantRowView.swift */; };
		AA000000000000000000003D /* AddRestaurantView.swift in Sources */ = {isa = PBXBuildFile; fileRef = AA000000000000000000003C /* AddRestaurantView.swift */; };
		AA000000000000000000003F /* EditRestaurantView.swift in Sources */ = {isa = PBXBuildFile; fileRef = AA000000000000000000003E /* EditRestaurantView.swift */; };
		AA0000000000000000000041 /* StarRatingView.swift in Sources */ = {isa = PBXBuildFile; fileRef = AA0000000000000000000040 /* StarRatingView.swift */; };
		AA0000000000000000000043 /* BucketListView.swift in Sources */ = {isa = PBXBuildFile; fileRef = AA0000000000000000000042 /* BucketListView.swift */; };
		AA0000000000000000000045 /* BucketRestaurantListView.swift in Sources */ = {isa = PBXBuildFile; fileRef = AA0000000000000000000044 /* BucketRestaurantListView.swift */; };
		AA0000000000000000000047 /* HotelListView.swift in Sources */ = {isa = PBXBuildFile; fileRef = AA0000000000000000000046 /* HotelListView.swift */; };
		AA0000000000000000000049 /* BucketRestaurantDetailView.swift in Sources */ = {isa = PBXBuildFile; fileRef = AA0000000000000000000048 /* BucketRestaurantDetailView.swift */; };
		AA000000000000000000004B /* HotelDetailView.swift in Sources */ = {isa = PBXBuildFile; fileRef = AA000000000000000000004A /* HotelDetailView.swift */; };
		AA000000000000000000004D /* BucketProgressView.swift in Sources */ = {isa = PBXBuildFile; fileRef = AA000000000000000000004C /* BucketProgressView.swift */; };
		AA000000000000000000004F /* BucketRestaurant.swift in Sources */ = {isa = PBXBuildFile; fileRef = AA000000000000000000004E /* BucketRestaurant.swift */; };
		AA0000000000000000000051 /* HotelStay.swift in Sources */ = {isa = PBXBuildFile; fileRef = AA0000000000000000000050 /* HotelStay.swift */; };
		AA0000000000000000000053 /* WaitTimeRecord.swift in Sources */ = {isa = PBXBuildFile; fileRef = AA0000000000000000000052 /* WaitTimeRecord.swift */; };
		AA0000000000000000000055 /* DowntimeRecord.swift in Sources */ = {isa = PBXBuildFile; fileRef = AA0000000000000000000054 /* DowntimeRecord.swift */; };
		AA0000000000000000000057 /* BucketListService.swift in Sources */ = {isa = PBXBuildFile; fileRef = AA0000000000000000000056 /* BucketListService.swift */; };
		AA0000000000000000000059 /* SeedData.swift in Sources */ = {isa = PBXBuildFile; fileRef = AA0000000000000000000058 /* SeedData.swift */; };
		AA000000000000000000005B /* WaitTimeRecorder.swift in Sources */ = {isa = PBXBuildFile; fileRef = AA000000000000000000005A /* WaitTimeRecorder.swift */; };
		AA000000000000000000005D /* WaitTimePredictionService.swift in Sources */ = {isa = PBXBuildFile; fileRef = AA000000000000000000005C /* WaitTimePredictionService.swift */; };
		AA000000000000000000005F /* Assets.xcassets in Resources */ = {isa = PBXBuildFile; fileRef = AA000000000000000000005E /* Assets.xcassets */; };
		AA00000000000000000000F1 /* MyDiningView.swift in Sources */ = {isa = PBXBuildFile; fileRef = AA00000000000000000000F0 /* MyDiningView.swift */; };
		AA00000000000000000000F3 /* AppState.swift in Sources */ = {isa = PBXBuildFile; fileRef = AA00000000000000000000F2 /* AppState.swift */; };
		AA00000000000000000000F5 /* CommunityBaselineService.swift in Sources */ = {isa = PBXBuildFile; fileRef = AA00000000000000000000F4 /* CommunityBaselineService.swift */; };
		AA00000000000000000000F7 /* BackgroundRefreshService.swift in Sources */ = {isa = PBXBuildFile; fileRef = AA00000000000000000000F6 /* BackgroundRefreshService.swift */; };
		AA00000000000000000000F9 /* ParkComparisonView.swift in Sources */ = {isa = PBXBuildFile; fileRef = AA00000000000000000000F8 /* ParkComparisonView.swift */; };
		AA00000000000000000000FB /* CommunityBaselines.json in Resources */ = {isa = PBXBuildFile; fileRef = AA00000000000000000000FA /* CommunityBaselines.json */; };
		AA00000000000000000000FD /* LocationService.swift in Sources */ = {isa = PBXBuildFile; fileRef = AA00000000000000000000FC /* LocationService.swift */; };
		AA00000000000000000000FF /* SettingsView.swift in Sources */ = {isa = PBXBuildFile; fileRef = AA00000000000000000000FE /* SettingsView.swift */; };
		AA0000000000000000000101 /* WaitTimeColor.swift in Sources */ = {isa = PBXBuildFile; fileRef = AA0000000000000000000100 /* WaitTimeColor.swift */; };
		AA0000000000000000000103 /* RideMetadata.swift in Sources */ = {isa = PBXBuildFile; fileRef = AA0000000000000000000102 /* RideMetadata.swift */; };
		AA0000000000000000000105 /* BadgeDefinition.swift in Sources */ = {isa = PBXBuildFile; fileRef = AA0000000000000000000104 /* BadgeDefinition.swift */; };
		AA0000000000000000000107 /* StatsView.swift in Sources */ = {isa = PBXBuildFile; fileRef = AA0000000000000000000106 /* StatsView.swift */; };
		AA0000000000000000000109 /* BadgesView.swift in Sources */ = {isa = PBXBuildFile; fileRef = AA0000000000000000000108 /* BadgesView.swift */; };
		AA000000000000000000010B /* RideRowView.swift in Sources */ = {isa = PBXBuildFile; fileRef = AA000000000000000000010A /* RideRowView.swift */; };
		AA000000000000000000010D /* WaitBadgeView.swift in Sources */ = {isa = PBXBuildFile; fileRef = AA000000000000000000010C /* WaitBadgeView.swift */; };
		AA000000000000000000010F /* WaitTimesView.swift in Sources */ = {isa = PBXBuildFile; fileRef = AA000000000000000000010E /* WaitTimesView.swift */; };
		AA0000000000000000000111 /* ParkHoursHeaderView.swift in Sources */ = {isa = PBXBuildFile; fileRef = AA0000000000000000000110 /* ParkHoursHeaderView.swift */; };
		AA0000000000000000000113 /* RideLog.swift in Sources */ = {isa = PBXBuildFile; fileRef = AA0000000000000000000112 /* RideLog.swift */; };
		AA0000000000000000000115 /* DiningReservation.swift in Sources */ = {isa = PBXBuildFile; fileRef = AA0000000000000000000114 /* DiningReservation.swift */; };
		AA0000000000000000000117 /* CrowdCalendarService.swift in Sources */ = {isa = PBXBuildFile; fileRef = AA0000000000000000000116 /* CrowdCalendarService.swift */; };
		AA0000000000000000000119 /* CrowdCalendarView.swift in Sources */ = {isa = PBXBuildFile; fileRef = AA0000000000000000000118 /* CrowdCalendarView.swift */; };
		AA000000000000000000011B /* RideCounterView.swift in Sources */ = {isa = PBXBuildFile; fileRef = AA000000000000000000011A /* RideCounterView.swift */; };
		AA000000000000000000011D /* VisitHistoryView.swift in Sources */ = {isa = PBXBuildFile; fileRef = AA000000000000000000011C /* VisitHistoryView.swift */; };
		AA000000000000000000011F /* RideAlert.swift in Sources */ = {isa = PBXBuildFile; fileRef = AA000000000000000000011E /* RideAlert.swift */; };
		AA0000000000000000000121 /* PlanItem.swift in Sources */ = {isa = PBXBuildFile; fileRef = AA0000000000000000000120 /* PlanItem.swift */; };
		AA0000000000000000000123 /* PurchaseLog.swift in Sources */ = {isa = PBXBuildFile; fileRef = AA0000000000000000000122 /* PurchaseLog.swift */; };
		AA0000000000000000000125 /* NotificationService.swift in Sources */ = {isa = PBXBuildFile; fileRef = AA0000000000000000000124 /* NotificationService.swift */; };
		AA0000000000000000000127 /* CharacterData.swift in Sources */ = {isa = PBXBuildFile; fileRef = AA0000000000000000000126 /* CharacterData.swift */; };
		AA0000000000000000000129 /* ShowsListView.swift in Sources */ = {isa = PBXBuildFile; fileRef = AA0000000000000000000128 /* ShowsListView.swift */; };
		AA000000000000000000012B /* SetAlertSheet.swift in Sources */ = {isa = PBXBuildFile; fileRef = AA000000000000000000012A /* SetAlertSheet.swift */; };
		AA000000000000000000012D /* CharacterFinderView.swift in Sources */ = {isa = PBXBuildFile; fileRef = AA000000000000000000012C /* CharacterFinderView.swift */; };
		AA000000000000000000012F /* DayPlannerView.swift in Sources */ = {isa = PBXBuildFile; fileRef = AA000000000000000000012E /* DayPlannerView.swift */; };
		AA0000000000000000000131 /* AddPlanItemView.swift in Sources */ = {isa = PBXBuildFile; fileRef = AA0000000000000000000130 /* AddPlanItemView.swift */; };
		AA0000000000000000000133 /* WeatherCardView.swift in Sources */ = {isa = PBXBuildFile; fileRef = AA0000000000000000000132 /* WeatherCardView.swift */; };
		AA0000000000000000000135 /* SpendingView.swift in Sources */ = {isa = PBXBuildFile; fileRef = AA0000000000000000000134 /* SpendingView.swift */; };
		AA0000000000000000000137 /* HeightCheckerView.swift in Sources */ = {isa = PBXBuildFile; fileRef = AA0000000000000000000136 /* HeightCheckerView.swift */; };
		AA0000000000000000000139 /* TodayBlockOutBanner.swift in Sources */ = {isa = PBXBuildFile; fileRef = AA0000000000000000000138 /* TodayBlockOutBanner.swift */; };
		AA000000000000000000013C /* AnnualPassView.swift in Sources */ = {isa = PBXBuildFile; fileRef = AA000000000000000000013B /* AnnualPassView.swift */; };
		AA000000000000000000013E /* APOffersView.swift in Sources */ = {isa = PBXBuildFile; fileRef = AA000000000000000000013D /* APOffersView.swift */; };
		AA0000000000000000000140 /* GuestPickerSheet.swift in Sources */ = {isa = PBXBuildFile; fileRef = AA000000000000000000013F /* GuestPickerSheet.swift */; };
/* End PBXBuildFile section */

/* Begin PBXFileReference section */
		AA0000000000000000000020 /* ParkTracApp.swift */ = {isa = PBXFileReference; lastKnownFileType = sourcecode.swift; path = ParkTracApp.swift; sourceTree = "<group>"; };
		AA0000000000000000000022 /* ContentView.swift */ = {isa = PBXFileReference; lastKnownFileType = sourcecode.swift; path = ContentView.swift; sourceTree = "<group>"; };
		AA0000000000000000000024 /* ParkDestination.swift */ = {isa = PBXFileReference; lastKnownFileType = sourcecode.swift; path = ParkDestination.swift; sourceTree = "<group>"; };
		AA0000000000000000000026 /* ParkModels.swift */ = {isa = PBXFileReference; lastKnownFileType = sourcecode.swift; path = ParkModels.swift; sourceTree = "<group>"; };
		AA0000000000000000000028 /* Restaurant.swift */ = {isa = PBXFileReference; lastKnownFileType = sourcecode.swift; path = Restaurant.swift; sourceTree = "<group>"; };
		AA000000000000000000002A /* ParkAPIService.swift */ = {isa = PBXFileReference; lastKnownFileType = sourcecode.swift; path = ParkAPIService.swift; sourceTree = "<group>"; };
		AA000000000000000000002C /* WaitTimesViewModel.swift */ = {isa = PBXFileReference; lastKnownFileType = sourcecode.swift; path = WaitTimesViewModel.swift; sourceTree = "<group>"; };
		AA000000000000000000002E /* ParkMapView.swift */ = {isa = PBXFileReference; lastKnownFileType = sourcecode.swift; path = ParkMapView.swift; sourceTree = "<group>"; };
		AA0000000000000000000030 /* WaitTimeAnnotation.swift */ = {isa = PBXFileReference; lastKnownFileType = sourcecode.swift; path = WaitTimeAnnotation.swift; sourceTree = "<group>"; };
		AA0000000000000000000032 /* RideCardView.swift */ = {isa = PBXFileReference; lastKnownFileType = sourcecode.swift; path = RideCardView.swift; sourceTree = "<group>"; };
		AA0000000000000000000034 /* RideDetailSheet.swift */ = {isa = PBXFileReference; lastKnownFileType = sourcecode.swift; path = RideDetailSheet.swift; sourceTree = "<group>"; };
		AA0000000000000000000036 /* RidePredictionView.swift */ = {isa = PBXFileReference; lastKnownFileType = sourcecode.swift; path = RidePredictionView.swift; sourceTree = "<group>"; };
		AA0000000000000000000038 /* RestaurantListView.swift */ = {isa = PBXFileReference; lastKnownFileType = sourcecode.swift; path = RestaurantListView.swift; sourceTree = "<group>"; };
		AA000000000000000000003A /* RestaurantRowView.swift */ = {isa = PBXFileReference; lastKnownFileType = sourcecode.swift; path = RestaurantRowView.swift; sourceTree = "<group>"; };
		AA000000000000000000003C /* AddRestaurantView.swift */ = {isa = PBXFileReference; lastKnownFileType = sourcecode.swift; path = AddRestaurantView.swift; sourceTree = "<group>"; };
		AA000000000000000000003E /* EditRestaurantView.swift */ = {isa = PBXFileReference; lastKnownFileType = sourcecode.swift; path = EditRestaurantView.swift; sourceTree = "<group>"; };
		AA0000000000000000000040 /* StarRatingView.swift */ = {isa = PBXFileReference; lastKnownFileType = sourcecode.swift; path = StarRatingView.swift; sourceTree = "<group>"; };
		AA0000000000000000000042 /* BucketListView.swift */ = {isa = PBXFileReference; lastKnownFileType = sourcecode.swift; path = BucketListView.swift; sourceTree = "<group>"; };
		AA0000000000000000000044 /* BucketRestaurantListView.swift */ = {isa = PBXFileReference; lastKnownFileType = sourcecode.swift; path = BucketRestaurantListView.swift; sourceTree = "<group>"; };
		AA0000000000000000000046 /* HotelListView.swift */ = {isa = PBXFileReference; lastKnownFileType = sourcecode.swift; path = HotelListView.swift; sourceTree = "<group>"; };
		AA0000000000000000000048 /* BucketRestaurantDetailView.swift */ = {isa = PBXFileReference; lastKnownFileType = sourcecode.swift; path = BucketRestaurantDetailView.swift; sourceTree = "<group>"; };
		AA000000000000000000004A /* HotelDetailView.swift */ = {isa = PBXFileReference; lastKnownFileType = sourcecode.swift; path = HotelDetailView.swift; sourceTree = "<group>"; };
		AA000000000000000000004C /* BucketProgressView.swift */ = {isa = PBXFileReference; lastKnownFileType = sourcecode.swift; path = BucketProgressView.swift; sourceTree = "<group>"; };
		AA000000000000000000004E /* BucketRestaurant.swift */ = {isa = PBXFileReference; lastKnownFileType = sourcecode.swift; path = BucketRestaurant.swift; sourceTree = "<group>"; };
		AA0000000000000000000050 /* HotelStay.swift */ = {isa = PBXFileReference; lastKnownFileType = sourcecode.swift; path = HotelStay.swift; sourceTree = "<group>"; };
		AA0000000000000000000052 /* WaitTimeRecord.swift */ = {isa = PBXFileReference; lastKnownFileType = sourcecode.swift; path = WaitTimeRecord.swift; sourceTree = "<group>"; };
		AA0000000000000000000054 /* DowntimeRecord.swift */ = {isa = PBXFileReference; lastKnownFileType = sourcecode.swift; path = DowntimeRecord.swift; sourceTree = "<group>"; };
		AA0000000000000000000056 /* BucketListService.swift */ = {isa = PBXFileReference; lastKnownFileType = sourcecode.swift; path = BucketListService.swift; sourceTree = "<group>"; };
		AA0000000000000000000058 /* SeedData.swift */ = {isa = PBXFileReference; lastKnownFileType = sourcecode.swift; path = SeedData.swift; sourceTree = "<group>"; };
		AA000000000000000000005A /* WaitTimeRecorder.swift */ = {isa = PBXFileReference; lastKnownFileType = sourcecode.swift; path = WaitTimeRecorder.swift; sourceTree = "<group>"; };
		AA000000000000000000005C /* WaitTimePredictionService.swift */ = {isa = PBXFileReference; lastKnownFileType = sourcecode.swift; path = WaitTimePredictionService.swift; sourceTree = "<group>"; };
		AA000000000000000000005E /* Assets.xcassets */ = {isa = PBXFileReference; lastKnownFileType = folder.assetcatalog; path = Assets.xcassets; sourceTree = "<group>"; };
		AA0000000000000000000070 /* ParkTrac.app */ = {isa = PBXFileReference; explicitFileType = wrapper.application; includeInIndex = 0; path = ParkTrac.app; sourceTree = BUILT_PRODUCTS_DIR; };
		AA00000000000000000000F0 /* MyDiningView.swift */ = {isa = PBXFileReference; lastKnownFileType = sourcecode.swift; path = MyDiningView.swift; sourceTree = "<group>"; };
		AA00000000000000000000F2 /* AppState.swift */ = {isa = PBXFileReference; lastKnownFileType = sourcecode.swift; path = AppState.swift; sourceTree = "<group>"; };
		AA00000000000000000000F4 /* CommunityBaselineService.swift */ = {isa = PBXFileReference; lastKnownFileType = sourcecode.swift; path = CommunityBaselineService.swift; sourceTree = "<group>"; };
		AA00000000000000000000F6 /* BackgroundRefreshService.swift */ = {isa = PBXFileReference; lastKnownFileType = sourcecode.swift; path = BackgroundRefreshService.swift; sourceTree = "<group>"; };
		AA00000000000000000000F8 /* ParkComparisonView.swift */ = {isa = PBXFileReference; lastKnownFileType = sourcecode.swift; path = ParkComparisonView.swift; sourceTree = "<group>"; };
		AA00000000000000000000FA /* CommunityBaselines.json */ = {isa = PBXFileReference; lastKnownFileType = text.json; path = CommunityBaselines.json; sourceTree = "<group>"; };
		AA00000000000000000000FC /* LocationService.swift */ = {isa = PBXFileReference; lastKnownFileType = sourcecode.swift; path = LocationService.swift; sourceTree = "<group>"; };
		AA00000000000000000000FE /* SettingsView.swift */ = {isa = PBXFileReference; lastKnownFileType = sourcecode.swift; path = SettingsView.swift; sourceTree = "<group>"; };
		AA0000000000000000000100 /* WaitTimeColor.swift */ = {isa = PBXFileReference; lastKnownFileType = sourcecode.swift; path = WaitTimeColor.swift; sourceTree = "<group>"; };
		AA0000000000000000000102 /* RideMetadata.swift */ = {isa = PBXFileReference; lastKnownFileType = sourcecode.swift; path = RideMetadata.swift; sourceTree = "<group>"; };
		AA0000000000000000000104 /* BadgeDefinition.swift */ = {isa = PBXFileReference; lastKnownFileType = sourcecode.swift; path = BadgeDefinition.swift; sourceTree = "<group>"; };
		AA0000000000000000000106 /* StatsView.swift */ = {isa = PBXFileReference; lastKnownFileType = sourcecode.swift; path = StatsView.swift; sourceTree = "<group>"; };
		AA0000000000000000000108 /* BadgesView.swift */ = {isa = PBXFileReference; lastKnownFileType = sourcecode.swift; path = BadgesView.swift; sourceTree = "<group>"; };
		AA000000000000000000010A /* RideRowView.swift */ = {isa = PBXFileReference; lastKnownFileType = sourcecode.swift; path = RideRowView.swift; sourceTree = "<group>"; };
		AA000000000000000000010C /* WaitBadgeView.swift */ = {isa = PBXFileReference; lastKnownFileType = sourcecode.swift; path = WaitBadgeView.swift; sourceTree = "<group>"; };
		AA000000000000000000010E /* WaitTimesView.swift */ = {isa = PBXFileReference; lastKnownFileType = sourcecode.swift; path = WaitTimesView.swift; sourceTree = "<group>"; };
		AA0000000000000000000110 /* ParkHoursHeaderView.swift */ = {isa = PBXFileReference; lastKnownFileType = sourcecode.swift; path = ParkHoursHeaderView.swift; sourceTree = "<group>"; };
		AA0000000000000000000112 /* RideLog.swift */ = {isa = PBXFileReference; lastKnownFileType = sourcecode.swift; path = RideLog.swift; sourceTree = "<group>"; };
		AA0000000000000000000114 /* DiningReservation.swift */ = {isa = PBXFileReference; lastKnownFileType = sourcecode.swift; path = DiningReservation.swift; sourceTree = "<group>"; };
		AA0000000000000000000116 /* CrowdCalendarService.swift */ = {isa = PBXFileReference; lastKnownFileType = sourcecode.swift; path = CrowdCalendarService.swift; sourceTree = "<group>"; };
		AA0000000000000000000118 /* CrowdCalendarView.swift */ = {isa = PBXFileReference; lastKnownFileType = sourcecode.swift; path = CrowdCalendarView.swift; sourceTree = "<group>"; };
		AA000000000000000000011A /* RideCounterView.swift */ = {isa = PBXFileReference; lastKnownFileType = sourcecode.swift; path = RideCounterView.swift; sourceTree = "<group>"; };
		AA000000000000000000011C /* VisitHistoryView.swift */ = {isa = PBXFileReference; lastKnownFileType = sourcecode.swift; path = VisitHistoryView.swift; sourceTree = "<group>"; };
		AA000000000000000000011E /* RideAlert.swift */ = {isa = PBXFileReference; lastKnownFileType = sourcecode.swift; path = RideAlert.swift; sourceTree = "<group>"; };
		AA0000000000000000000120 /* PlanItem.swift */ = {isa = PBXFileReference; lastKnownFileType = sourcecode.swift; path = PlanItem.swift; sourceTree = "<group>"; };
		AA0000000000000000000122 /* PurchaseLog.swift */ = {isa = PBXFileReference; lastKnownFileType = sourcecode.swift; path = PurchaseLog.swift; sourceTree = "<group>"; };
		AA0000000000000000000124 /* NotificationService.swift */ = {isa = PBXFileReference; lastKnownFileType = sourcecode.swift; path = NotificationService.swift; sourceTree = "<group>"; };
		AA0000000000000000000126 /* CharacterData.swift */ = {isa = PBXFileReference; lastKnownFileType = sourcecode.swift; path = CharacterData.swift; sourceTree = "<group>"; };
		AA0000000000000000000128 /* ShowsListView.swift */ = {isa = PBXFileReference; lastKnownFileType = sourcecode.swift; path = ShowsListView.swift; sourceTree = "<group>"; };
		AA000000000000000000012A /* SetAlertSheet.swift */ = {isa = PBXFileReference; lastKnownFileType = sourcecode.swift; path = SetAlertSheet.swift; sourceTree = "<group>"; };
		AA000000000000000000012C /* CharacterFinderView.swift */ = {isa = PBXFileReference; lastKnownFileType = sourcecode.swift; path = CharacterFinderView.swift; sourceTree = "<group>"; };
		AA000000000000000000012E /* DayPlannerView.swift */ = {isa = PBXFileReference; lastKnownFileType = sourcecode.swift; path = DayPlannerView.swift; sourceTree = "<group>"; };
		AA0000000000000000000130 /* AddPlanItemView.swift */ = {isa = PBXFileReference; lastKnownFileType = sourcecode.swift; path = AddPlanItemView.swift; sourceTree = "<group>"; };
		AA0000000000000000000132 /* WeatherCardView.swift */ = {isa = PBXFileReference; lastKnownFileType = sourcecode.swift; path = WeatherCardView.swift; sourceTree = "<group>"; };
		AA0000000000000000000134 /* SpendingView.swift */ = {isa = PBXFileReference; lastKnownFileType = sourcecode.swift; path = SpendingView.swift; sourceTree = "<group>"; };
		AA0000000000000000000136 /* HeightCheckerView.swift */ = {isa = PBXFileReference; lastKnownFileType = sourcecode.swift; path = HeightCheckerView.swift; sourceTree = "<group>"; };
		AA0000000000000000000138 /* TodayBlockOutBanner.swift */ = {isa = PBXFileReference; lastKnownFileType = sourcecode.swift; path = TodayBlockOutBanner.swift; sourceTree = "<group>"; };
		AA000000000000000000013B /* AnnualPassView.swift */ = {isa = PBXFileReference; lastKnownFileType = sourcecode.swift; path = AnnualPassView.swift; sourceTree = "<group>"; };
		AA000000000000000000013D /* APOffersView.swift */ = {isa = PBXFileReference; lastKnownFileType = sourcecode.swift; path = APOffersView.swift; sourceTree = "<group>"; };
		AA000000000000000000013F /* GuestPickerSheet.swift */ = {isa = PBXFileReference; lastKnownFileType = sourcecode.swift; path = GuestPickerSheet.swift; sourceTree = "<group>"; };
/* End PBXFileReference section */

/* Begin PBXFrameworksBuildPhase section */
		AA0000000000000000000016 /* Frameworks */ = {
			isa = PBXFrameworksBuildPhase;
			buildActionMask = 2147483647;
			files = (
			);
			runOnlyForDeploymentPostprocessing = 0;
		};
/* End PBXFrameworksBuildPhase section */

/* Begin PBXGroup section */
		AA000000000000000000000B /* ParkTrac */ = {
			isa = PBXGroup;
			children = (
				AA0000000000000000000020 /* ParkTracApp.swift */,
				AA0000000000000000000022 /* ContentView.swift */,
				AA0000000000000000000061 /* Models */,
				AA0000000000000000000062 /* Services */,
				AA0000000000000000000063 /* ViewModels */,
				AA0000000000000000000064 /* Views */,
				AA000000000000000000005E /* Assets.xcassets */,
				AA00000000000000000000FA /* CommunityBaselines.json */,
			);
			path = ParkTrac;
			sourceTree = "<group>";
		};
		AA000000000000000000000C /* Products */ = {
			isa = PBXGroup;
			children = (
				AA0000000000000000000070 /* ParkTrac.app */,
			);
			name = Products;
			sourceTree = "<group>";
		};
		AA0000000000000000000060 = {
			isa = PBXGroup;
			children = (
				AA000000000000000000000B /* ParkTrac */,
				AA000000000000000000000C /* Products */,
			);
			sourceTree = "<group>";
		};
		AA0000000000000000000061 /* Models */ = {
			isa = PBXGroup;
			children = (
				AA0000000000000000000024 /* ParkDestination.swift */,
				AA00000000000000000000F2 /* AppState.swift */,
				AA0000000000000000000026 /* ParkModels.swift */,
				AA0000000000000000000028 /* Restaurant.swift */,
				AA000000000000000000004E /* BucketRestaurant.swift */,
				AA0000000000000000000050 /* HotelStay.swift */,
				AA0000000000000000000052 /* WaitTimeRecord.swift */,
				AA0000000000000000000054 /* DowntimeRecord.swift */,
				AA0000000000000000000104 /* BadgeDefinition.swift */,
				AA0000000000000000000112 /* RideLog.swift */,
				AA0000000000000000000114 /* DiningReservation.swift */,
				AA000000000000000000011E /* RideAlert.swift */,
				AA0000000000000000000120 /* PlanItem.swift */,
				AA0000000000000000000122 /* PurchaseLog.swift */,
			);
			path = Models;
			sourceTree = "<group>";
		};
		AA0000000000000000000062 /* Services */ = {
			isa = PBXGroup;
			children = (
				AA000000000000000000002A /* ParkAPIService.swift */,
				AA0000000000000000000056 /* BucketListService.swift */,
				AA0000000000000000000058 /* SeedData.swift */,
				AA000000000000000000005A /* WaitTimeRecorder.swift */,
				AA000000000000000000005C /* WaitTimePredictionService.swift */,
				AA00000000000000000000F4 /* CommunityBaselineService.swift */,
				AA00000000000000000000F6 /* BackgroundRefreshService.swift */,
				AA00000000000000000000FC /* LocationService.swift */,
				AA0000000000000000000102 /* RideMetadata.swift */,
				AA0000000000000000000116 /* CrowdCalendarService.swift */,
				AA0000000000000000000124 /* NotificationService.swift */,
				AA0000000000000000000126 /* CharacterData.swift */,
			);
			path = Services;
			sourceTree = "<group>";
		};
		AA0000000000000000000063 /* ViewModels */ = {
			isa = PBXGroup;
			children = (
				AA000000000000000000002C /* WaitTimesViewModel.swift */,
			);
			path = ViewModels;
			sourceTree = "<group>";
		};
		AA0000000000000000000141 /* Home */ = {
			isa = PBXGroup;
			children = (
				AA0000000000000000000138 /* TodayBlockOutBanner.swift */,
			);
			path = Home;
			sourceTree = "<group>";
		};
		AA0000000000000000000064 /* Views */ = {
			isa = PBXGroup;
			children = (
				AA0000000000000000000065 /* WaitTimes */,
				AA0000000000000000000066 /* Restaurants */,
				AA0000000000000000000067 /* BucketList */,
				AA0000000000000000000068 /* Settings */,
				AA0000000000000000000069 /* Stats */,
				AA000000000000000000013A /* Planner */,
				AA0000000000000000000141 /* Home */,
			);
			path = Views;
			sourceTree = "<group>";
		};
		AA0000000000000000000065 /* WaitTimes */ = {
			isa = PBXGroup;
			children = (
				AA000000000000000000002E /* ParkMapView.swift */,
				AA0000000000000000000030 /* WaitTimeAnnotation.swift */,
				AA0000000000000000000032 /* RideCardView.swift */,
				AA0000000000000000000034 /* RideDetailSheet.swift */,
				AA00000000000000000000F8 /* ParkComparisonView.swift */,
				AA0000000000000000000036 /* RidePredictionView.swift */,
				AA0000000000000000000100 /* WaitTimeColor.swift */,
				AA000000000000000000010A /* RideRowView.swift */,
				AA000000000000000000010C /* WaitBadgeView.swift */,
				AA000000000000000000010E /* WaitTimesView.swift */,
				AA0000000000000000000110 /* ParkHoursHeaderView.swift */,
				AA0000000000000000000128 /* ShowsListView.swift */,
				AA000000000000000000012A /* SetAlertSheet.swift */,
				AA000000000000000000012C /* CharacterFinderView.swift */,
			);
			path = WaitTimes;
			sourceTree = "<group>";
		};
		AA0000000000000000000066 /* Restaurants */ = {
			isa = PBXGroup;
			children = (
				AA00000000000000000000F0 /* MyDiningView.swift */,
				AA0000000000000000000038 /* RestaurantListView.swift */,
				AA000000000000000000003A /* RestaurantRowView.swift */,
				AA000000000000000000003C /* AddRestaurantView.swift */,
				AA000000000000000000003E /* EditRestaurantView.swift */,
				AA0000000000000000000040 /* StarRatingView.swift */,
			);
			path = Restaurants;
			sourceTree = "<group>";
		};
		AA0000000000000000000067 /* BucketList */ = {
			isa = PBXGroup;
			children = (
				AA0000000000000000000042 /* BucketListView.swift */,
				AA0000000000000000000044 /* BucketRestaurantListView.swift */,
				AA0000000000000000000046 /* HotelListView.swift */,
				AA0000000000000000000048 /* BucketRestaurantDetailView.swift */,
				AA000000000000000000004A /* HotelDetailView.swift */,
				AA000000000000000000004C /* BucketProgressView.swift */,
			);
			path = BucketList;
			sourceTree = "<group>";
		};
		AA0000000000000000000068 /* Settings */ = {
			isa = PBXGroup;
			children = (
				AA00000000000000000000FE /* SettingsView.swift */,
				AA0000000000000000000136 /* HeightCheckerView.swift */,
				AA000000000000000000013B /* AnnualPassView.swift */,
			);
			path = Settings;
			sourceTree = "<group>";
		};
		AA0000000000000000000069 /* Stats */ = {
			isa = PBXGroup;
			children = (
				AA0000000000000000000106 /* StatsView.swift */,
				AA0000000000000000000108 /* BadgesView.swift */,
				AA0000000000000000000118 /* CrowdCalendarView.swift */,
				AA000000000000000000011A /* RideCounterView.swift */,
				AA000000000000000000011C /* VisitHistoryView.swift */,
				AA0000000000000000000132 /* WeatherCardView.swift */,
				AA0000000000000000000134 /* SpendingView.swift */,
				AA000000000000000000013D /* APOffersView.swift */,
			);
			path = Stats;
			sourceTree = "<group>";
		};
		AA000000000000000000013A /* Planner */ = {
			isa = PBXGroup;
			children = (
				AA000000000000000000012E /* DayPlannerView.swift */,
				AA0000000000000000000130 /* AddPlanItemView.swift */,
				AA000000000000000000013F /* GuestPickerSheet.swift */,
			);
			path = Planner;
			sourceTree = "<group>";
		};
/* End PBXGroup section */

/* Begin PBXNativeTarget section */
		AA000000000000000000000D /* ParkTrac */ = {
			isa = PBXNativeTarget;
			buildConfigurationList = AA000000000000000000000F /* Build configuration list for PBXNativeTarget "ParkTrac" */;
			buildPhases = (
				AA0000000000000000000014 /* Sources */,
				AA0000000000000000000016 /* Frameworks */,
				AA0000000000000000000015 /* Resources */,
			);
			buildRules = (
			);
			dependencies = (
			);
			name = ParkTrac;
			productName = ParkTrac;
			productReference = AA0000000000000000000070 /* ParkTrac.app */;
			productType = "com.apple.product-type.application";
		};
/* End PBXNativeTarget section */

/* Begin PBXProject section */
		AA000000000000000000000A /* Project object */ = {
			isa = PBXProject;
			attributes = {
				BuildIndependentTargetsInParallel = 1;
				LastSwiftUpdateCheck = 1500;
				LastUpgradeCheck = 1500;
				TargetAttributes = {
					AA000000000000000000000D = {
						CreatedOnToolsVersion = 15.0;
					};
				};
			};
			buildConfigurationList = AA000000000000000000000E /* Build configuration list for PBXProject "ParkTrac" */;
			compatibilityVersion = "Xcode 14.0";
			developmentRegion = en;
			hasScannedForEncodings = 0;
			knownRegions = (
				en,
				Base,
			);
			mainGroup = AA0000000000000000000060;
			productRefGroup = AA000000000000000000000C /* Products */;
			projectDirPath = "";
			projectRoot = "";
			targets = (
				AA000000000000000000000D /* ParkTrac */,
			);
		};
/* End PBXProject section */

/* Begin PBXResourcesBuildPhase section */
		AA0000000000000000000015 /* Resources */ = {
			isa = PBXResourcesBuildPhase;
			buildActionMask = 2147483647;
			files = (
				AA000000000000000000005F /* Assets.xcassets in Resources */,
				AA00000000000000000000FB /* CommunityBaselines.json in Resources */,
			);
			runOnlyForDeploymentPostprocessing = 0;
		};
/* End PBXResourcesBuildPhase section */

/* Begin PBXSourcesBuildPhase section */
		AA0000000000000000000014 /* Sources */ = {
			isa = PBXSourcesBuildPhase;
			buildActionMask = 2147483647;
			files = (
				AA0000000000000000000021 /* ParkTracApp.swift in Sources */,
				AA0000000000000000000023 /* ContentView.swift in Sources */,
				AA0000000000000000000025 /* ParkDestination.swift in Sources */,
				AA00000000000000000000F3 /* AppState.swift in Sources */,
				AA00000000000000000000F5 /* CommunityBaselineService.swift in Sources */,
				AA00000000000000000000F7 /* BackgroundRefreshService.swift in Sources */,
				AA00000000000000000000FD /* LocationService.swift in Sources */,
				AA00000000000000000000F9 /* ParkComparisonView.swift in Sources */,
				AA00000000000000000000FF /* SettingsView.swift in Sources */,
				AA0000000000000000000101 /* WaitTimeColor.swift in Sources */,
				AA0000000000000000000027 /* ParkModels.swift in Sources */,
				AA0000000000000000000029 /* Restaurant.swift in Sources */,
				AA000000000000000000002B /* ParkAPIService.swift in Sources */,
				AA000000000000000000002D /* WaitTimesViewModel.swift in Sources */,
				AA000000000000000000002F /* ParkMapView.swift in Sources */,
				AA0000000000000000000031 /* WaitTimeAnnotation.swift in Sources */,
				AA0000000000000000000033 /* RideCardView.swift in Sources */,
				AA0000000000000000000035 /* RideDetailSheet.swift in Sources */,
				AA0000000000000000000037 /* RidePredictionView.swift in Sources */,
				AA00000000000000000000F1 /* MyDiningView.swift in Sources */,
				AA0000000000000000000039 /* RestaurantListView.swift in Sources */,
				AA000000000000000000003B /* RestaurantRowView.swift in Sources */,
				AA000000000000000000003D /* AddRestaurantView.swift in Sources */,
				AA000000000000000000003F /* EditRestaurantView.swift in Sources */,
				AA0000000000000000000041 /* StarRatingView.swift in Sources */,
				AA0000000000000000000043 /* BucketListView.swift in Sources */,
				AA0000000000000000000045 /* BucketRestaurantListView.swift in Sources */,
				AA0000000000000000000047 /* HotelListView.swift in Sources */,
				AA0000000000000000000049 /* BucketRestaurantDetailView.swift in Sources */,
				AA000000000000000000004B /* HotelDetailView.swift in Sources */,
				AA000000000000000000004D /* BucketProgressView.swift in Sources */,
				AA000000000000000000004F /* BucketRestaurant.swift in Sources */,
				AA0000000000000000000051 /* HotelStay.swift in Sources */,
				AA0000000000000000000053 /* WaitTimeRecord.swift in Sources */,
				AA0000000000000000000055 /* DowntimeRecord.swift in Sources */,
				AA0000000000000000000057 /* BucketListService.swift in Sources */,
				AA0000000000000000000059 /* SeedData.swift in Sources */,
				AA000000000000000000005B /* WaitTimeRecorder.swift in Sources */,
				AA000000000000000000005D /* WaitTimePredictionService.swift in Sources */,
				AA0000000000000000000103 /* RideMetadata.swift in Sources */,
				AA0000000000000000000105 /* BadgeDefinition.swift in Sources */,
				AA0000000000000000000107 /* StatsView.swift in Sources */,
				AA0000000000000000000109 /* BadgesView.swift in Sources */,
					AA000000000000000000010B /* RideRowView.swift in Sources */,
					AA000000000000000000010D /* WaitBadgeView.swift in Sources */,
					AA000000000000000000010F /* WaitTimesView.swift in Sources */,
					AA0000000000000000000111 /* ParkHoursHeaderView.swift in Sources */,
					AA0000000000000000000113 /* RideLog.swift in Sources */,
					AA0000000000000000000115 /* DiningReservation.swift in Sources */,
					AA0000000000000000000117 /* CrowdCalendarService.swift in Sources */,
					AA0000000000000000000119 /* CrowdCalendarView.swift in Sources */,
					AA000000000000000000011B /* RideCounterView.swift in Sources */,
					AA000000000000000000011D /* VisitHistoryView.swift in Sources */,
					AA000000000000000000011F /* RideAlert.swift in Sources */,
					AA0000000000000000000121 /* PlanItem.swift in Sources */,
					AA0000000000000000000123 /* PurchaseLog.swift in Sources */,
					AA0000000000000000000125 /* NotificationService.swift in Sources */,
					AA0000000000000000000127 /* CharacterData.swift in Sources */,
					AA0000000000000000000129 /* ShowsListView.swift in Sources */,
					AA000000000000000000012B /* SetAlertSheet.swift in Sources */,
					AA000000000000000000012D /* CharacterFinderView.swift in Sources */,
					AA000000000000000000012F /* DayPlannerView.swift in Sources */,
					AA0000000000000000000131 /* AddPlanItemView.swift in Sources */,
					AA0000000000000000000133 /* WeatherCardView.swift in Sources */,
					AA0000000000000000000135 /* SpendingView.swift in Sources */,
					AA0000000000000000000137 /* HeightCheckerView.swift in Sources */,
				AA0000000000000000000139 /* TodayBlockOutBanner.swift in Sources */,
				AA000000000000000000013C /* AnnualPassView.swift in Sources */,
				AA000000000000000000013E /* APOffersView.swift in Sources */,
				AA0000000000000000000140 /* GuestPickerSheet.swift in Sources */,
			);
			runOnlyForDeploymentPostprocessing = 0;
		};
/* End PBXSourcesBuildPhase section */

/* Begin XCBuildConfiguration section */
		AA0000000000000000000010 /* Debug */ = {
			isa = XCBuildConfiguration;
			buildSettings = {
				ALWAYS_SEARCH_USER_PATHS = NO;
				ASSETCATALOG_COMPILER_GENERATE_SWIFT_ASSET_SYMBOL_EXTENSIONS = YES;
				CLANG_ANALYZER_NONNULL = YES;
				CLANG_ANALYZER_NUMBER_OBJECT_CONVERSION = YES_AGGRESSIVE;
				CLANG_CXX_LANGUAGE_STANDARD = "gnu++20";
				CLANG_ENABLE_MODULES = YES;
				CLANG_ENABLE_OBJC_ARC = YES;
				CLANG_ENABLE_OBJC_WEAK = YES;
				CLANG_WARN_BLOCK_CAPTURE_AUTORELEASING = YES;
				CLANG_WARN_BOOL_CONVERSION = YES;
				CLANG_WARN_COMMA = YES;
				CLANG_WARN_CONSTANT_CONVERSION = YES;
				CLANG_WARN_DEPRECATED_OBJC_IMPLEMENTATIONS = YES;
				CLANG_WARN_DIRECT_OBJC_ISA_USAGE = YES_ERROR;
				CLANG_WARN_DOCUMENTATION_COMMENTS = YES;
				CLANG_WARN_EMPTY_BODY = YES;
				CLANG_WARN_ENUM_CONVERSION = YES;
				CLANG_WARN_INFINITE_RECURSION = YES;
				CLANG_WARN_INT_CONVERSION = YES;
				CLANG_WARN_NON_LITERAL_NULL_CONVERSION = YES;
				CLANG_WARN_OBJC_IMPLICIT_RETAIN_CYCLE = YES;
				CLANG_WARN_OBJC_LITERAL_CONVERSION = YES;
				CLANG_WARN_OBJC_ROOT_CLASS = YES_ERROR;
				CLANG_WARN_QUOTED_INCLUDE_IN_FRAMEWORK_HEADER = YES;
				CLANG_WARN_RANGE_LOOP_ANALYSIS = YES;
				CLANG_WARN_STRICT_PROTOTYPES = YES;
				CLANG_WARN_SUSPICIOUS_MOVE = YES;
				CLANG_WARN_UNGUARDED_AVAILABILITY = YES_AGGRESSIVE;
				CLANG_WARN_UNREACHABLE_CODE = YES;
				CLANG_WARN__DUPLICATE_METHOD_MATCH = YES;
				COPY_PHASE_STRIP = NO;
				DEBUG_INFORMATION_FORMAT = dwarf;
				ENABLE_STRICT_OBJC_MSGSEND = YES;
				ENABLE_TESTABILITY = YES;
				ENABLE_USER_SCRIPT_SANDBOXING = YES;
				GCC_C_LANGUAGE_STANDARD = gnu17;
				GCC_DYNAMIC_NO_PIC = NO;
				GCC_NO_COMMON_BLOCKS = YES;
				GCC_OPTIMIZATION_LEVEL = 0;
				GCC_PREPROCESSOR_DEFINITIONS = (
					"DEBUG=1",
					"$(inherited)",
				);
				GCC_WARN_64_TO_32_BIT_CONVERSION = YES;
				GCC_WARN_ABOUT_RETURN_TYPE = YES_ERROR;
				GCC_WARN_UNDECLARED_SELECTOR = YES;
				GCC_WARN_UNINITIALIZED_AUTOS = YES_AGGRESSIVE;
				GCC_WARN_UNUSED_FUNCTION = YES;
				GCC_WARN_UNUSED_VARIABLE = YES;
				IPHONEOS_DEPLOYMENT_TARGET = 17.0;
				MTL_ENABLE_DEBUG_INFO = INCLUDE_SOURCE;
				MTL_FAST_MATH = YES;
				ONLY_ACTIVE_ARCH = YES;
				SDKROOT = iphoneos;
				SWIFT_ACTIVE_COMPILATION_CONDITIONS = "DEBUG $(inherited)";
				SWIFT_OPTIMIZATION_LEVEL = "-Onone";
			};
			name = Debug;
		};
		AA0000000000000000000011 /* Release */ = {
			isa = XCBuildConfiguration;
			buildSettings = {
				ALWAYS_SEARCH_USER_PATHS = NO;
				ASSETCATALOG_COMPILER_GENERATE_SWIFT_ASSET_SYMBOL_EXTENSIONS = YES;
				CLANG_ANALYZER_NONNULL = YES;
				CLANG_ANALYZER_NUMBER_OBJECT_CONVERSION = YES_AGGRESSIVE;
				CLANG_CXX_LANGUAGE_STANDARD = "gnu++20";
				CLANG_ENABLE_MODULES = YES;
				CLANG_ENABLE_OBJC_ARC = YES;
				CLANG_ENABLE_OBJC_WEAK = YES;
				CLANG_WARN_BLOCK_CAPTURE_AUTORELEASING = YES;
				CLANG_WARN_BOOL_CONVERSION = YES;
				CLANG_WARN_COMMA = YES;
				CLANG_WARN_CONSTANT_CONVERSION = YES;
				CLANG_WARN_DEPRECATED_OBJC_IMPLEMENTATIONS = YES;
				CLANG_WARN_DIRECT_OBJC_ISA_USAGE = YES_ERROR;
				CLANG_WARN_DOCUMENTATION_COMMENTS = YES;
				CLANG_WARN_EMPTY_BODY = YES;
				CLANG_WARN_ENUM_CONVERSION = YES;
				CLANG_WARN_INFINITE_RECURSION = YES;
				CLANG_WARN_INT_CONVERSION = YES;
				CLANG_WARN_NON_LITERAL_NULL_CONVERSION = YES;
				CLANG_WARN_OBJC_IMPLICIT_RETAIN_CYCLE = YES;
				CLANG_WARN_OBJC_LITERAL_CONVERSION = YES;
				CLANG_WARN_OBJC_ROOT_CLASS = YES_ERROR;
				CLANG_WARN_QUOTED_INCLUDE_IN_FRAMEWORK_HEADER = YES;
				CLANG_WARN_RANGE_LOOP_ANALYSIS = YES;
				CLANG_WARN_STRICT_PROTOTYPES = YES;
				CLANG_WARN_SUSPICIOUS_MOVE = YES;
				CLANG_WARN_UNGUARDED_AVAILABILITY = YES_AGGRESSIVE;
				CLANG_WARN_UNREACHABLE_CODE = YES;
				CLANG_WARN__DUPLICATE_METHOD_MATCH = YES;
				COPY_PHASE_STRIP = NO;
				DEBUG_INFORMATION_FORMAT = "dwarf-with-dsym";
				ENABLE_NS_ASSERTIONS = NO;
				ENABLE_STRICT_OBJC_MSGSEND = YES;
				ENABLE_USER_SCRIPT_SANDBOXING = YES;
				GCC_C_LANGUAGE_STANDARD = gnu17;
				GCC_NO_COMMON_BLOCKS = YES;
				GCC_WARN_64_TO_32_BIT_CONVERSION = YES;
				GCC_WARN_ABOUT_RETURN_TYPE = YES_ERROR;
				GCC_WARN_UNDECLARED_SELECTOR = YES;
				GCC_WARN_UNINITIALIZED_AUTOS = YES_AGGRESSIVE;
				GCC_WARN_UNUSED_FUNCTION = YES;
				GCC_WARN_UNUSED_VARIABLE = YES;
				IPHONEOS_DEPLOYMENT_TARGET = 17.0;
				MTL_FAST_MATH = YES;
				SDKROOT = iphoneos;
				SWIFT_COMPILATION_MODE = wholemodule;
			};
			name = Release;
		};
		AA0000000000000000000012 /* Debug */ = {
			isa = XCBuildConfiguration;
			buildSettings = {
				ASSETCATALOG_COMPILER_APPICON_NAME = AppIcon;
				ASSETCATALOG_COMPILER_GLOBAL_ACCENT_COLOR_NAME = AccentColor;
				CODE_SIGN_STYLE = Automatic;
				CURRENT_PROJECT_VERSION = 2;
				DEVELOPMENT_ASSET_PATHS = "";
				DEVELOPMENT_TEAM = X796Z5UW4P;
				ENABLE_PREVIEWS = YES;
				GENERATE_INFOPLIST_FILE = NO;
				INFOPLIST_FILE = ParkTrac/Info.plist;
				LD_RUNPATH_SEARCH_PATHS = (
					"$(inherited)",
					"@executable_path/Frameworks",
				);
				MARKETING_VERSION = 1.0;
				PRODUCT_BUNDLE_IDENTIFIER = com.mattgottfried.parktrac;
				PRODUCT_NAME = "$(TARGET_NAME)";
				SWIFT_EMIT_LOC_STRINGS = YES;
				SWIFT_VERSION = 5.0;
				TARGETED_DEVICE_FAMILY = "1,2";
			};
			name = Debug;
		};
		AA0000000000000000000013 /* Release */ = {
			isa = XCBuildConfiguration;
			buildSettings = {
				ASSETCATALOG_COMPILER_APPICON_NAME = AppIcon;
				ASSETCATALOG_COMPILER_GLOBAL_ACCENT_COLOR_NAME = AccentColor;
				CODE_SIGN_STYLE = Automatic;
				CURRENT_PROJECT_VERSION = 2;
				DEVELOPMENT_ASSET_PATHS = "";
				DEVELOPMENT_TEAM = X796Z5UW4P;
				ENABLE_PREVIEWS = YES;
				GENERATE_INFOPLIST_FILE = NO;
				INFOPLIST_FILE = ParkTrac/Info.plist;
				LD_RUNPATH_SEARCH_PATHS = (
					"$(inherited)",
					"@executable_path/Frameworks",
				);
				MARKETING_VERSION = 1.0;
				PRODUCT_BUNDLE_IDENTIFIER = com.mattgottfried.parktrac;
				PRODUCT_NAME = "$(TARGET_NAME)";
				SWIFT_EMIT_LOC_STRINGS = YES;
				SWIFT_VERSION = 5.0;
				TARGETED_DEVICE_FAMILY = "1,2";
			};
			name = Release;
		};
/* End XCBuildConfiguration section */

/* Begin XCConfigurationList section */
		AA000000000000000000000E /* Build configuration list for PBXProject "ParkTrac" */ = {
			isa = XCConfigurationList;
			buildConfigurations = (
				AA0000000000000000000010 /* Debug */,
				AA0000000000000000000011 /* Release */,
			);
			defaultConfigurationIsVisible = 0;
			defaultConfigurationName = Release;
		};
		AA000000000000000000000F /* Build configuration list for PBXNativeTarget "ParkTrac" */ = {
			isa = XCConfigurationList;
			buildConfigurations = (
				AA0000000000000000000012 /* Debug */,
				AA0000000000000000000013 /* Release */,
			);
			defaultConfigurationIsVisible = 0;
			defaultConfigurationName = Release;
		};
/* End XCConfigurationList section */
	};
	rootObject = AA000000000000000000000A /* Project object */;
}
